
Microsoft Visual Studio Solution File, Format Version 12.00
# Visual Studio Version 17
VisualStudioVersion = 17.7.34221.43
MinimumVisualStudioVersion = 10.0.40219.1
Project("{888888A0-9F3D-457C-B088-3A5042F75D52}") = "Ideal gas calculator", "Ideal gas calculator\Ideal gas calculator.pyproj", "{033F643E-68A6-48CC-AAE0-EA1E2FA05FA6}"
EndProject
Global
	GlobalSection(SolutionConfigurationPlatforms) = preSolution
		Debug|Any CPU = Debug|Any CPU
		Release|Any CPU = Release|Any CPU
	EndGlobalSection
	GlobalSection(ProjectConfigurationPlatforms) = postSolution
		{033F643E-68A6-48CC-AAE0-EA1E2FA05FA6}.Debug|Any CPU.ActiveCfg = Debug|Any CPU
		{033F643E-68A6-48CC-AAE0-EA1E2FA05FA6}.Release|Any CPU.ActiveCfg = Release|Any CPU
	EndGlobalSection
	GlobalSection(SolutionProperties) = preSolution
		HideSolutionNode = FALSE
	EndGlobalSection
	GlobalSection(ExtensibilityGlobals) = postSolution
		SolutionGuid = {6E695292-569C-4FA5-B6C8-6056FF0D89DA}
	EndGlobalSection
EndGlobal
